# This file is autogenerated, do not edit; changes may be undone by the next 'dep ensure'.


[[projects]]
  branch = "master"
  name = "github.com/akamensky/argparse"
  packages = ["."]
  revision = "00bc810fe0bb5e3a9c81b9e0716fbfbf41578240"

[[projects]]
  branch = "master"
  name = "github.com/deadsy/libusb"
  packages = ["."]
  revision = "2ffabc613b244103562dc8ecbe23e6733b1da253"

[[projects]]
  name = "github.com/nats-io/go-nats"
  packages = [
    ".",
    "encoders/builtin",
    "util"
  ]
  revision = "d66cb54e6b7bdd93f0b28afc8450d84c780dfb68"
  version = "v1.4.0"

[[projects]]
  name = "github.com/nats-io/nuid"
  packages = ["."]
  revision = "289cccf02c178dc782430d534e3c1f5b72af807f"
  version = "v1.0.0"

[[projects]]
  branch = "master"
  name = "github.com/olebedev/config"
  packages = ["."]
  revision = "9a10d05a33a8b9e828f20491e21e8927dec35f72"

[[projects]]
  branch = "master"
  name = "github.com/venushome/noolite"
  packages = [
    "rx",
    "tx"
  ]
  revision = "be5c3882106e5565372ace9bf12f4636ad0e5423"

[[projects]]
  name = "gopkg.in/yaml.v2"
  packages = ["."]
  revision = "7f97868eec74b32b0982dd158a51a446d1da7eb5"
  version = "v2.1.1"

[solve-meta]
  analyzer-name = "dep"
  analyzer-version = 1
  inputs-digest = "53bab3da99d05d866eed28488367784f96e70cfbd3e0eaeb9eb6387cd1ffd5ab"
  solver-name = "gps-cdcl"
  solver-version = 1
